
Microsoft Visual Studio Solution File, Format Version 11.00
# Visual Studio 2010
Project("{8BC9CEB8-8B4A-11D0-8D11-00A0C91BC942}") = "glModel", "glModel\glModel.vcxproj", "{414652FB-3FF6-4559-B21F-4E05DAE2503E}"
EndProject
Global
	GlobalSection(SolutionConfigurationPlatforms) = preSolution
		Debug|Win32 = Debug|Win32
		Release|Win32 = Release|Win32
	EndGlobalSection
	GlobalSection(ProjectConfigurationPlatforms) = postSolution
		{414652FB-3FF6-4559-B21F-4E05DAE2503E}.Debug|Win32.ActiveCfg = Debug|Win32
		{414652FB-3FF6-4559-B21F-4E05DAE2503E}.Debug|Win32.Build.0 = Debug|Win32
		{414652FB-3FF6-4559-B21F-4E05DAE2503E}.Release|Win32.ActiveCfg = Release|Win32
		{414652FB-3FF6-4559-B21F-4E05DAE2503E}.Release|Win32.Build.0 = Release|Win32
	EndGlobalSection
	GlobalSection(SolutionProperties) = preSolution
		HideSolutionNode = FALSE
	EndGlobalSection
EndGlobal
